{
  "name": "purescript-cardano-message-signing",
  "lockfileVersion": 3,
  "requires": true,
  "packages": {
    "": {
      "name": "purescript-cardano-message-signing",
      "license": "MIT",
      "dependencies": {
        "@mlabs-haskell/cardano-message-signing": "1.0.1",
        "@mlabs-haskell/cardano-serialization-lib-gc": "^1.0.8"
      },
      "devDependencies": {}
    },
    "node_modules/@emurgo/cardano-message-signing-browser": {
      "version": "1.0.1",
      "resolved": "https://registry.npmjs.org/@emurgo/cardano-message-signing-browser/-/cardano-message-signing-browser-1.0.1.tgz",
      "integrity": "sha512-yC4Ymq44WR0bXO1wzxCoyc2W/RD1KSAla0oYhin7IYoVkp2raGp8wt7QNF4pDdNnTcejn5fyPyYY9dL4666H1w=="
    },
    "node_modules/@emurgo/cardano-message-signing-nodejs": {
      "version": "1.0.1",
      "resolved": "https://registry.npmjs.org/@emurgo/cardano-message-signing-nodejs/-/cardano-message-signing-nodejs-1.0.1.tgz",
      "integrity": "sha512-PoKh1tQnJX18f8iEr8Jk1KXxKCn9eqaSslMI1pyOJvYRJhQVDLCh0+9YReufjp0oFJIY1ShcrR+4/WnECVZUKQ=="
    },
    "node_modules/@emurgo/cardano-serialization-lib-browser": {
      "version": "11.5.0",
      "resolved": "https://registry.npmjs.org/@emurgo/cardano-serialization-lib-browser/-/cardano-serialization-lib-browser-11.5.0.tgz",
      "integrity": "sha512-qchOJ9NYDUz10tzs5r5QhP9hK0p+ZOlRiBwPdTAxqAYLw/8emYBkQQLaS8T1DF6EkeudyrgS00ym5Trw1fo4iA=="
    },
    "node_modules/@emurgo/cardano-serialization-lib-nodejs": {
      "version": "11.5.0",
      "resolved": "https://registry.npmjs.org/@emurgo/cardano-serialization-lib-nodejs/-/cardano-serialization-lib-nodejs-11.5.0.tgz",
      "integrity": "sha512-IlVABlRgo9XaTR1NunwZpWcxnfEv04ba2l1vkUz4S1W7Jt36F4CtffP+jPeqBZGnAe+fnUwo0XjIJC3ZTNToNQ=="
    },
    "node_modules/@mlabs-haskell/cardano-message-signing": {
      "version": "1.0.1",
      "resolved": "https://registry.npmjs.org/@mlabs-haskell/cardano-message-signing/-/cardano-message-signing-1.0.1.tgz",
      "integrity": "sha512-LNX+Msq1rJ86d5mmaR2Om5tUqB0ZthfE69fpsZcxOYDHNw5s+qtcCyNEmzAWfHC+uIJ4NDEJA8Gk2RfWto7ChA==",
      "dependencies": {
        "@emurgo/cardano-message-signing-browser": "^1.0.1",
        "@emurgo/cardano-message-signing-nodejs": "^1.0.1"
      }
    },
    "node_modules/@mlabs-haskell/cardano-serialization-lib-gc": {
      "version": "1.0.9",
      "resolved": "https://registry.npmjs.org/@mlabs-haskell/cardano-serialization-lib-gc/-/cardano-serialization-lib-gc-1.0.9.tgz",
      "integrity": "sha512-O3JZGS0GjbyQPlKP6KRb7Q78ANfqIHxpQ0xmX6BK9tUw6KOueNfJ6e80JD+MHogoPJwOei7prqpHgCu+hitNQw==",
      "dependencies": {
        "@emurgo/cardano-serialization-lib-browser": "^11.2.1",
        "@emurgo/cardano-serialization-lib-nodejs": "^11.2.1",
        "@mlabs-haskell/csl-gc-wrapper": "^1.0.2"
      }
    },
    "node_modules/@mlabs-haskell/csl-gc-wrapper": {
      "version": "1.0.2",
      "resolved": "https://registry.npmjs.org/@mlabs-haskell/csl-gc-wrapper/-/csl-gc-wrapper-1.0.2.tgz",
      "integrity": "sha512-jyASltvC/ZVzpMUgbIkIaCLc56uGqymCPnieLkgIMWPhzcRoAxEfshjYONyxPY5XIl0NdIQXjbppXFoPQMk0VQ=="
    }
  }
}
